
Microsoft Visual Studio Solution File, Format Version 12.00
# Visual Studio 15
VisualStudioVersion = 15.0.28307.438
MinimumVisualStudioVersion = 10.0.40219.1
Project("{FAE04EC0-301F-11D3-BF4B-00C04F79EFBC}") = "PeNArmyScketcher.Desktop.WPF", "PeNArmyScketcher.Desktop.WPF.csproj", "{6480456A-872E-40CD-9876-9CC5B90CDE0C}"
EndProject
Project("{FAE04EC0-301F-11D3-BF4B-00C04F79EFBC}") = "PeNArmyScketcher.Infrastructure", "..\PeNArmyScketcher.Infrastructure\PeNArmyScketcher.Infrastructure.csproj", "{CDA7844F-3101-4536-862E-40F900EE7249}"
EndProject
Project("{FAE04EC0-301F-11D3-BF4B-00C04F79EFBC}") = "PeNArmyScketcher.AgeOfSigmar", "..\PeNArmyScketcher.AgeOfSigmar\PeNArmyScketcher.AgeOfSigmar.csproj", "{F4D1AEAE-89CA-4364-ACD9-96669D102B4B}"
EndProject
Project("{FAE04EC0-301F-11D3-BF4B-00C04F79EFBC}") = "PeNArmyScketcher.AgeOfSigmar.Tests", "..\..\tests\PeNArmyScketcher.AgeOfSigmar.Tests\PeNArmyScketcher.AgeOfSigmar.Tests.csproj", "{FD9EB34F-7D34-410C-ACE9-847EAE51468A}"
EndProject
Global
	GlobalSection(SolutionConfigurationPlatforms) = preSolution
		Debug|Any CPU = Debug|Any CPU
		Release|Any CPU = Release|Any CPU
	EndGlobalSection
	GlobalSection(ProjectConfigurationPlatforms) = postSolution
		{6480456A-872E-40CD-9876-9CC5B90CDE0C}.Debug|Any CPU.ActiveCfg = Debug|Any CPU
		{6480456A-872E-40CD-9876-9CC5B90CDE0C}.Debug|Any CPU.Build.0 = Debug|Any CPU
		{6480456A-872E-40CD-9876-9CC5B90CDE0C}.Release|Any CPU.ActiveCfg = Release|Any CPU
		{6480456A-872E-40CD-9876-9CC5B90CDE0C}.Release|Any CPU.Build.0 = Release|Any CPU
		{CDA7844F-3101-4536-862E-40F900EE7249}.Debug|Any CPU.ActiveCfg = Debug|Any CPU
		{CDA7844F-3101-4536-862E-40F900EE7249}.Debug|Any CPU.Build.0 = Debug|Any CPU
		{CDA7844F-3101-4536-862E-40F900EE7249}.Release|Any CPU.ActiveCfg = Release|Any CPU
		{CDA7844F-3101-4536-862E-40F900EE7249}.Release|Any CPU.Build.0 = Release|Any CPU
		{F4D1AEAE-89CA-4364-ACD9-96669D102B4B}.Debug|Any CPU.ActiveCfg = Debug|Any CPU
		{F4D1AEAE-89CA-4364-ACD9-96669D102B4B}.Debug|Any CPU.Build.0 = Debug|Any CPU
		{F4D1AEAE-89CA-4364-ACD9-96669D102B4B}.Release|Any CPU.ActiveCfg = Release|Any CPU
		{F4D1AEAE-89CA-4364-ACD9-96669D102B4B}.Release|Any CPU.Build.0 = Release|Any CPU
		{FD9EB34F-7D34-410C-ACE9-847EAE51468A}.Debug|Any CPU.ActiveCfg = Debug|Any CPU
		{FD9EB34F-7D34-410C-ACE9-847EAE51468A}.Debug|Any CPU.Build.0 = Debug|Any CPU
		{FD9EB34F-7D34-410C-ACE9-847EAE51468A}.Release|Any CPU.ActiveCfg = Release|Any CPU
		{FD9EB34F-7D34-410C-ACE9-847EAE51468A}.Release|Any CPU.Build.0 = Release|Any CPU
	EndGlobalSection
	GlobalSection(SolutionProperties) = preSolution
		HideSolutionNode = FALSE
	EndGlobalSection
	GlobalSection(ExtensibilityGlobals) = postSolution
		SolutionGuid = {FEEC5C98-644B-4A90-AA39-ED450A2C745D}
	EndGlobalSection
EndGlobal
